// !$*UTF8*$!
{
	archiveVersion = 1;
	classes = {
	};
	objectVersion = 50;
	objects = {

/* Begin PBXBuildFile section */
		630158DC23D1555D00A74EA5 /* AppDelegate.swift in Sources */ = {isa = PBXBuildFile; fileRef = 630158DB23D1555D00A74EA5 /* AppDelegate.swift */; };
		630158DE23D1555D00A74EA5 /* SceneDelegate.swift in Sources */ = {isa = PBXBuildFile; fileRef = 630158DD23D1555D00A74EA5 /* SceneDelegate.swift */; };
		630158E023D1555D00A74EA5 /* ViewController.swift in Sources */ = {isa = PBXBuildFile; fileRef = 630158DF23D1555D00A74EA5 /* ViewController.swift */; };
		630158E323D1555D00A74EA5 /* Main.storyboard in Resources */ = {isa = PBXBuildFile; fileRef = 630158E123D1555D00A74EA5 /* Main.storyboard */; };
		630158E523D1555F00A74EA5 /* Assets.xcassets in Resources */ = {isa = PBXBuildFile; fileRef = 630158E423D1555F00A74EA5 /* Assets.xcassets */; };
		630158E823D1555F00A74EA5 /* LaunchScreen.storyboard in Resources */ = {isa = PBXBuildFile; fileRef = 630158E623D1555F00A74EA5 /* LaunchScreen.storyboard */; };
		630158F323D1555F00A74EA5 /* LiftingBuddy_testTests.swift in Sources */ = {isa = PBXBuildFile; fileRef = 630158F223D1555F00A74EA5 /* LiftingBuddy_testTests.swift */; };
		630158FE23D1555F00A74EA5 /* LiftingBuddy_testUITests.swift in Sources */ = {isa = PBXBuildFile; fileRef = 630158FD23D1555F00A74EA5 /* LiftingBuddy_testUITests.swift */; };
/* End PBXBuildFile section */

/* Begin PBXContainerItemProxy section */
		630158EF23D1555F00A74EA5 /* PBXContainerItemProxy */ = {
			isa = PBXContainerItemProxy;
			containerPortal = 630158D023D1555D00A74EA5 /* Project object */;
			proxyType = 1;
			remoteGlobalIDString = 630158D723D1555D00A74EA5;
			remoteInfo = LiftingBuddy_test;
		};
		630158FA23D1555F00A74EA5 /* PBXContainerItemProxy */ = {
			isa = PBXContainerItemProxy;
			containerPortal = 630158D023D1555D00A74EA5 /* Project object */;
			proxyType = 1;
			remoteGlobalIDString = 630158D723D1555D00A74EA5;
			remoteInfo = LiftingBuddy_test;
		};
/* End PBXContainerItemProxy section */

/* Begin PBXFileReference section */
		630158D823D1555D00A74EA5 /* LiftingBuddy_test.app */ = {isa = PBXFileReference; explicitFileType = wrapper.application; includeInIndex = 0; path = LiftingBuddy_test.app; sourceTree = BUILT_PRODUCTS_DIR; };
		630158DB23D1555D00A74EA5 /* AppDelegate.swift */ = {isa = PBXFileReference; lastKnownFileType = sourcecode.swift; path = AppDelegate.swift; sourceTree = "<group>"; };
		630158DD23D1555D00A74EA5 /* SceneDelegate.swift */ = {isa = PBXFileReference; lastKnownFileType = sourcecode.swift; path = SceneDelegate.swift; sourceTree = "<group>"; };
		630158DF23D1555D00A74EA5 /* ViewController.swift */ = {isa = PBXFileReference; lastKnownFileType = sourcecode.swift; path = ViewController.swift; sourceTree = "<group>"; };
		630158E223D1555D00A74EA5 /* Base */ = {isa = PBXFileReference; lastKnownFileType = file.storyboard; name = Base; path = Base.lproj/Main.storyboard; sourceTree = "<group>"; };
		630158E423D1555F00A74EA5 /* Assets.xcassets */ = {isa = PBXFileReference; lastKnownFileType = folder.assetcatalog; path = Assets.xcassets; sourceTree = "<group>"; };
		630158E723D1555F00A74EA5 /* Base */ = {isa = PBXFileReference; lastKnownFileType = file.storyboard; name = Base; path = Base.lproj/LaunchScreen.storyboard; sourceTree = "<group>"; };
		630158E923D1555F00A74EA5 /* Info.plist */ = {isa = PBXFileReference; lastKnownFileType = text.plist.xml; path = Info.plist; sourceTree = "<group>"; };
		630158EE23D1555F00A74EA5 /* LiftingBuddy_testTests.xctest */ = {isa = PBXFileReference; explicitFileType = wrapper.cfbundle; includeInIndex = 0; path = LiftingBuddy_testTests.xctest; sourceTree = BUILT_PRODUCTS_DIR; };
		630158F223D1555F00A74EA5 /* LiftingBuddy_testTests.swift */ = {isa = PBXFileReference; lastKnownFileType = sourcecode.swift; path = LiftingBuddy_testTests.swift; sourceTree = "<group>"; };
		630158F423D1555F00A74EA5 /* Info.plist */ = {isa = PBXFileReference; lastKnownFileType = text.plist.xml; path = Info.plist; sourceTree = "<group>"; };
		630158F923D1555F00A74EA5 /* LiftingBuddy_testUITests.xctest */ = {isa = PBXFileReference; explicitFileType = wrapper.cfbundle; includeInIndex = 0; path = LiftingBuddy_testUITests.xctest; sourceTree = BUILT_PRODUCTS_DIR; };
		630158FD23D1555F00A74EA5 /* LiftingBuddy_testUITests.swift */ = {isa = PBXFileReference; lastKnownFileType = sourcecode.swift; path = LiftingBuddy_testUITests.swift; sourceTree = "<group>"; };
		630158FF23D1555F00A74EA5 /* Info.plist */ = {isa = PBXFileReference; lastKnownFileType = text.plist.xml; path = Info.plist; sourceTree = "<group>"; };
/* End PBXFileReference section */

/* Begin PBXFrameworksBuildPhase section */
		630158D523D1555D00A74EA5 /* Frameworks */ = {
			isa = PBXFrameworksBuildPhase;
			buildActionMask = 2147483647;
			files = (
			);
			runOnlyForDeploymentPostprocessing = 0;
		};
		630158EB23D1555F00A74EA5 /* Frameworks */ = {
			isa = PBXFrameworksBuildPhase;
			buildActionMask = 2147483647;
			files = (
			);
			runOnlyForDeploymentPostprocessing = 0;
		};
		630158F623D1555F00A74EA5 /* Frameworks */ = {
			isa = PBXFrameworksBuildPhase;
			buildActionMask = 2147483647;
			files = (
			);
			runOnlyForDeploymentPostprocessing = 0;
		};
/* End PBXFrameworksBuildPhase section */

/* Begin PBXGroup section */
		630158CF23D1555D00A74EA5 = {
			isa = PBXGroup;
			children = (
				630158DA23D1555D00A74EA5 /* LiftingBuddy_test */,
				630158F123D1555F00A74EA5 /* LiftingBuddy_testTests */,
				630158FC23D1555F00A74EA5 /* LiftingBuddy_testUITests */,
				630158D923D1555D00A74EA5 /* Products */,
			);
			sourceTree = "<group>";
		};
		630158D923D1555D00A74EA5 /* Products */ = {
			isa = PBXGroup;
			children = (
				630158D823D1555D00A74EA5 /* LiftingBuddy_test.app */,
				630158EE23D1555F00A74EA5 /* LiftingBuddy_testTests.xctest */,
				630158F923D1555F00A74EA5 /* LiftingBuddy_testUITests.xctest */,
			);
			name = Products;
			sourceTree = "<group>";
		};
		630158DA23D1555D00A74EA5 /* LiftingBuddy_test */ = {
			isa = PBXGroup;
			children = (
				630158DB23D1555D00A74EA5 /* AppDelegate.swift */,
				630158DD23D1555D00A74EA5 /* SceneDelegate.swift */,
				630158DF23D1555D00A74EA5 /* ViewController.swift */,
				630158E123D1555D00A74EA5 /* Main.storyboard */,
				630158E423D1555F00A74EA5 /* Assets.xcassets */,
				630158E623D1555F00A74EA5 /* LaunchScreen.storyboard */,
				630158E923D1555F00A74EA5 /* Info.plist */,
			);
			path = LiftingBuddy_test;
			sourceTree = "<group>";
		};
		630158F123D1555F00A74EA5 /* LiftingBuddy_testTests */ = {
			isa = PBXGroup;
			children = (
				630158F223D1555F00A74EA5 /* LiftingBuddy_testTests.swift */,
				630158F423D1555F00A74EA5 /* Info.plist */,
			);
			path = LiftingBuddy_testTests;
			sourceTree = "<group>";
		};
		630158FC23D1555F00A74EA5 /* LiftingBuddy_testUITests */ = {
			isa = PBXGroup;
			children = (
				630158FD23D1555F00A74EA5 /* LiftingBuddy_testUITests.swift */,
				630158FF23D1555F00A74EA5 /* Info.plist */,
			);
			path = LiftingBuddy_testUITests;
			sourceTree = "<group>";
		};
/* End PBXGroup section */

/* Begin PBXNativeTarget section */
		630158D723D1555D00A74EA5 /* LiftingBuddy_test */ = {
			isa = PBXNativeTarget;
			buildConfigurationList = 6301590223D1555F00A74EA5 /* Build configuration list for PBXNativeTarget "LiftingBuddy_test" */;
			buildPhases = (
				630158D423D1555D00A74EA5 /* Sources */,
				630158D523D1555D00A74EA5 /* Frameworks */,
				630158D623D1555D00A74EA5 /* Resources */,
			);
			buildRules = (
			);
			dependencies = (
			);
			name = LiftingBuddy_test;
			productName = LiftingBuddy_test;
			productReference = 630158D823D1555D00A74EA5 /* LiftingBuddy_test.app */;
			productType = "com.apple.product-type.application";
		};
		630158ED23D1555F00A74EA5 /* LiftingBuddy_testTests */ = {
			isa = PBXNativeTarget;
			buildConfigurationList = 6301590523D1555F00A74EA5 /* Build configuration list for PBXNativeTarget "LiftingBuddy_testTests" */;
			buildPhases = (
				630158EA23D1555F00A74EA5 /* Sources */,
				630158EB23D1555F00A74EA5 /* Frameworks */,
				630158EC23D1555F00A74EA5 /* Resources */,
			);
			buildRules = (
			);
			dependencies = (
				630158F023D1555F00A74EA5 /* PBXTargetDependency */,
			);
			name = LiftingBuddy_testTests;
			productName = LiftingBuddy_testTests;
			productReference = 630158EE23D1555F00A74EA5 /* LiftingBuddy_testTests.xctest */;
			productType = "com.apple.product-type.bundle.unit-test";
		};
		630158F823D1555F00A74EA5 /* LiftingBuddy_testUITests */ = {
			isa = PBXNativeTarget;
			buildConfigurationList = 6301590823D1555F00A74EA5 /* Build configuration list for PBXNativeTarget "LiftingBuddy_testUITests" */;
			buildPhases = (
				630158F523D1555F00A74EA5 /* Sources */,
				630158F623D1555F00A74EA5 /* Frameworks */,
				630158F723D1555F00A74EA5 /* Resources */,
			);
			buildRules = (
			);
			dependencies = (
				630158FB23D1555F00A74EA5 /* PBXTargetDependency */,
			);
			name = LiftingBuddy_testUITests;
			productName = LiftingBuddy_testUITests;
			productReference = 630158F923D1555F00A74EA5 /* LiftingBuddy_testUITests.xctest */;
			productType = "com.apple.product-type.bundle.ui-testing";
		};
/* End PBXNativeTarget section */

/* Begin PBXProject section */
		630158D023D1555D00A74EA5 /* Project object */ = {
			isa = PBXProject;
			attributes = {
				LastSwiftUpdateCheck = 1130;
				LastUpgradeCheck = 1130;
				ORGANIZATIONNAME = "David Poole";
				TargetAttributes = {
					630158D723D1555D00A74EA5 = {
						CreatedOnToolsVersion = 11.3;
					};
					630158ED23D1555F00A74EA5 = {
						CreatedOnToolsVersion = 11.3;
						TestTargetID = 630158D723D1555D00A74EA5;
					};
					630158F823D1555F00A74EA5 = {
						CreatedOnToolsVersion = 11.3;
						TestTargetID = 630158D723D1555D00A74EA5;
					};
				};
			};
			buildConfigurationList = 630158D323D1555D00A74EA5 /* Build configuration list for PBXProject "LiftingBuddy_test" */;
			compatibilityVersion = "Xcode 9.3";
			developmentRegion = en;
			hasScannedForEncodings = 0;
			knownRegions = (
				en,
				Base,
			);
			mainGroup = 630158CF23D1555D00A74EA5;
			productRefGroup = 630158D923D1555D00A74EA5 /* Products */;
			projectDirPath = "";
			projectRoot = "";
			targets = (
				630158D723D1555D00A74EA5 /* LiftingBuddy_test */,
				630158ED23D1555F00A74EA5 /* LiftingBuddy_testTests */,
				630158F823D1555F00A74EA5 /* LiftingBuddy_testUITests */,
			);
		};
/* End PBXProject section */

/* Begin PBXResourcesBuildPhase section */
		630158D623D1555D00A74EA5 /* Resources */ = {
			isa = PBXResourcesBuildPhase;
			buildActionMask = 2147483647;
			files = (
				630158E823D1555F00A74EA5 /* LaunchScreen.storyboard in Resources */,
				630158E523D1555F00A74EA5 /* Assets.xcassets in Resources */,
				630158E323D1555D00A74EA5 /* Main.storyboard in Resources */,
			);
			runOnlyForDeploymentPostprocessing = 0;
		};
		630158EC23D1555F00A74EA5 /* Resources */ = {
			isa = PBXResourcesBuildPhase;
			buildActionMask = 2147483647;
			files = (
			);
			runOnlyForDeploymentPostprocessing = 0;
		};
		630158F723D1555F00A74EA5 /* Resources */ = {
			isa = PBXResourcesBuildPhase;
			buildActionMask = 2147483647;
			files = (
			);
			runOnlyForDeploymentPostprocessing = 0;
		};
/* End PBXResourcesBuildPhase section */

/* Begin PBXSourcesBuildPhase section */
		630158D423D1555D00A74EA5 /* Sources */ = {
			isa = PBXSourcesBuildPhase;
			buildActionMask = 2147483647;
			files = (
				630158E023D1555D00A74EA5 /* ViewController.swift in Sources */,
				630158DC23D1555D00A74EA5 /* AppDelegate.swift in Sources */,
				630158DE23D1555D00A74EA5 /* SceneDelegate.swift in Sources */,
			);
			runOnlyForDeploymentPostprocessing = 0;
		};
		630158EA23D1555F00A74EA5 /* Sources */ = {
			isa = PBXSourcesBuildPhase;
			buildActionMask = 2147483647;
			files = (
				630158F323D1555F00A74EA5 /* LiftingBuddy_testTests.swift in Sources */,
			);
			runOnlyForDeploymentPostprocessing = 0;
		};
		630158F523D1555F00A74EA5 /* Sources */ = {
			isa = PBXSourcesBuildPhase;
			buildActionMask = 2147483647;
			files = (
				630158FE23D1555F00A74EA5 /* LiftingBuddy_testUITests.swift in Sources */,
			);
			runOnlyForDeploymentPostprocessing = 0;
		};
/* End PBXSourcesBuildPhase section */

/* Begin PBXTargetDependency section */
		630158F023D1555F00A74EA5 /* PBXTargetDependency */ = {
			isa = PBXTargetDependency;
			target = 630158D723D1555D00A74EA5 /* LiftingBuddy_test */;
			targetProxy = 630158EF23D1555F00A74EA5 /* PBXContainerItemProxy */;
		};
		630158FB23D1555F00A74EA5 /* PBXTargetDependency */ = {
			isa = PBXTargetDependency;
			target = 630158D723D1555D00A74EA5 /* LiftingBuddy_test */;
			targetProxy = 630158FA23D1555F00A74EA5 /* PBXContainerItemProxy */;
		};
/* End PBXTargetDependency section */

/* Begin PBXVariantGroup section */
		630158E123D1555D00A74EA5 /* Main.storyboard */ = {
			isa = PBXVariantGroup;
			children = (
				630158E223D1555D00A74EA5 /* Base */,
			);
			name = Main.storyboard;
			sourceTree = "<group>";
		};
		630158E623D1555F00A74EA5 /* LaunchScreen.storyboard */ = {
			isa = PBXVariantGroup;
			children = (
				630158E723D1555F00A74EA5 /* Base */,
			);
			name = LaunchScreen.storyboard;
			sourceTree = "<group>";
		};
/* End PBXVariantGroup section */

/* Begin XCBuildConfiguration section */
		6301590023D1555F00A74EA5 /* Debug */ = {
			isa = XCBuildConfiguration;
			buildSettings = {
				ALWAYS_SEARCH_USER_PATHS = NO;
				CLANG_ANALYZER_NONNULL = YES;
				CLANG_ANALYZER_NUMBER_OBJECT_CONVERSION = YES_AGGRESSIVE;
				CLANG_CXX_LANGUAGE_STANDARD = "gnu++14";
				CLANG_CXX_LIBRARY = "libc++";
				CLANG_ENABLE_MODULES = YES;
				CLANG_ENABLE_OBJC_ARC = YES;
				CLANG_ENABLE_OBJC_WEAK = YES;
				CLANG_WARN_BLOCK_CAPTURE_AUTORELEASING = YES;
				CLANG_WARN_BOOL_CONVERSION = YES;
				CLANG_WARN_COMMA = YES;
				CLANG_WARN_CONSTANT_CONVERSION = YES;
				CLANG_WARN_DEPRECATED_OBJC_IMPLEMENTATIONS = YES;
				CLANG_WARN_DIRECT_OBJC_ISA_USAGE = YES_ERROR;
				CLANG_WARN_DOCUMENTATION_COMMENTS = YES;
				CLANG_WARN_EMPTY_BODY = YES;
				CLANG_WARN_ENUM_CONVERSION = YES;
				CLANG_WARN_INFINITE_RECURSION = YES;
				CLANG_WARN_INT_CONVERSION = YES;
				CLANG_WARN_NON_LITERAL_NULL_CONVERSION = YES;
				CLANG_WARN_OBJC_IMPLICIT_RETAIN_SELF = YES;
				CLANG_WARN_OBJC_LITERAL_CONVERSION = YES;
				CLANG_WARN_OBJC_ROOT_CLASS = YES_ERROR;
				CLANG_WARN_RANGE_LOOP_ANALYSIS = YES;
				CLANG_WARN_STRICT_PROTOTYPES = YES;
				CLANG_WARN_SUSPICIOUS_MOVE = YES;
				CLANG_WARN_UNGUARDED_AVAILABILITY = YES_AGGRESSIVE;
				CLANG_WARN_UNREACHABLE_CODE = YES;
				CLANG_WARN__DUPLICATE_METHOD_MATCH = YES;
				COPY_PHASE_STRIP = NO;
				DEBUG_INFORMATION_FORMAT = dwarf;
				ENABLE_STRICT_OBJC_MSGSEND = YES;
				ENABLE_TESTABILITY = YES;
				GCC_C_LANGUAGE_STANDARD = gnu11;
				GCC_DYNAMIC_NO_PIC = NO;
				GCC_NO_COMMON_BLOCKS = YES;
				GCC_OPTIMIZATION_LEVEL = 0;
				GCC_PREPROCESSOR_DEFINITIONS = (
					"DEBUG=1",
					"$(inherited)",
				);
				GCC_WARN_64_TO_32_BIT_CONVERSION = YES;
				GCC_WARN_ABOUT_RETURN_TYPE = YES_ERROR;
				GCC_WARN_UNDECLARED_SELECTOR = YES;
				GCC_WARN_UNINITIALIZED_AUTOS = YES_AGGRESSIVE;
				GCC_WARN_UNUSED_FUNCTION = YES;
				GCC_WARN_UNUSED_VARIABLE = YES;
				IPHONEOS_DEPLOYMENT_TARGET = 13.2;
				MTL_ENABLE_DEBUG_INFO = INCLUDE_SOURCE;
				MTL_FAST_MATH = YES;
				ONLY_ACTIVE_ARCH = YES;
				SDKROOT = iphoneos;
				SWIFT_ACTIVE_COMPILATION_CONDITIONS = DEBUG;
				SWIFT_OPTIMIZATION_LEVEL = "-Onone";
			};
			name = Debug;
		};
		6301590123D1555F00A74EA5 /* Release */ = {
			isa = XCBuildConfiguration;
			buildSettings = {
				ALWAYS_SEARCH_USER_PATHS = NO;
				CLANG_ANALYZER_NONNULL = YES;
				CLANG_ANALYZER_NUMBER_OBJECT_CONVERSION = YES_AGGRESSIVE;
				CLANG_CXX_LANGUAGE_STANDARD = "gnu++14";
				CLANG_CXX_LIBRARY = "libc++";
				CLANG_ENABLE_MODULES = YES;
				CLANG_ENABLE_OBJC_ARC = YES;
				CLANG_ENABLE_OBJC_WEAK = YES;
				CLANG_WARN_BLOCK_CAPTURE_AUTORELEASING = YES;
				CLANG_WARN_BOOL_CONVERSION = YES;
				CLANG_WARN_COMMA = YES;
				CLANG_WARN_CONSTANT_CONVERSION = YES;
				CLANG_WARN_DEPRECATED_OBJC_IMPLEMENTATIONS = YES;
				CLANG_WARN_DIRECT_OBJC_ISA_USAGE = YES_ERROR;
				CLANG_WARN_DOCUMENTATION_COMMENTS = YES;
				CLANG_WARN_EMPTY_BODY = YES;
				CLANG_WARN_ENUM_CONVERSION = YES;
				CLANG_WARN_INFINITE_RECURSION = YES;
				CLANG_WARN_INT_CONVERSION = YES;
				CLANG_WARN_NON_LITERAL_NULL_CONVERSION = YES;
				CLANG_WARN_OBJC_IMPLICIT_RETAIN_SELF = YES;
				CLANG_WARN_OBJC_LITERAL_CONVERSION = YES;
				CLANG_WARN_OBJC_ROOT_CLASS = YES_ERROR;
				CLANG_WARN_RANGE_LOOP_ANALYSIS = YES;
				CLANG_WARN_STRICT_PROTOTYPES = YES;
				CLANG_WARN_SUSPICIOUS_MOVE = YES;
				CLANG_WARN_UNGUARDED_AVAILABILITY = YES_AGGRESSIVE;
				CLANG_WARN_UNREACHABLE_CODE = YES;
				CLANG_WARN__DUPLICATE_METHOD_MATCH = YES;
				COPY_PHASE_STRIP = NO;
				DEBUG_INFORMATION_FORMAT = "dwarf-with-dsym";
				ENABLE_NS_ASSERTIONS = NO;
				ENABLE_STRICT_OBJC_MSGSEND = YES;
				GCC_C_LANGUAGE_STANDARD = gnu11;
				GCC_NO_COMMON_BLOCKS = YES;
				GCC_WARN_64_TO_32_BIT_CONVERSION = YES;
				GCC_WARN_ABOUT_RETURN_TYPE = YES_ERROR;
				GCC_WARN_UNDECLARED_SELECTOR = YES;
				GCC_WARN_UNINITIALIZED_AUTOS = YES_AGGRESSIVE;
				GCC_WARN_UNUSED_FUNCTION = YES;
				GCC_WARN_UNUSED_VARIABLE = YES;
				IPHONEOS_DEPLOYMENT_TARGET = 13.2;
				MTL_ENABLE_DEBUG_INFO = NO;
				MTL_FAST_MATH = YES;
				SDKROOT = iphoneos;
				SWIFT_COMPILATION_MODE = wholemodule;
				SWIFT_OPTIMIZATION_LEVEL = "-O";
				VALIDATE_PRODUCT = YES;
			};
			name = Release;
		};
		6301590323D1555F00A74EA5 /* Debug */ = {
			isa = XCBuildConfiguration;
			buildSettings = {
				ASSETCATALOG_COMPILER_APPICON_NAME = AppIcon;
				CODE_SIGN_STYLE = Automatic;
				INFOPLIST_FILE = LiftingBuddy_test/Info.plist;
				LD_RUNPATH_SEARCH_PATHS = (
					"$(inherited)",
					"@executable_path/Frameworks",
				);
				PRODUCT_BUNDLE_IDENTIFIER = "dp6.LiftingBuddy-test";
				PRODUCT_NAME = "$(TARGET_NAME)";
				SWIFT_VERSION = 5.0;
				TARGETED_DEVICE_FAMILY = "1,2";
			};
			name = Debug;
		};
		6301590423D1555F00A74EA5 /* Release */ = {
			isa = XCBuildConfiguration;
			buildSettings = {
				ASSETCATALOG_COMPILER_APPICON_NAME = AppIcon;
				CODE_SIGN_STYLE = Automatic;
				INFOPLIST_FILE = LiftingBuddy_test/Info.plist;
				LD_RUNPATH_SEARCH_PATHS = (
					"$(inherited)",
					"@executable_path/Frameworks",
				);
				PRODUCT_BUNDLE_IDENTIFIER = "dp6.LiftingBuddy-test";
				PRODUCT_NAME = "$(TARGET_NAME)";
				SWIFT_VERSION = 5.0;
				TARGETED_DEVICE_FAMILY = "1,2";
			};
			name = Release;
		};
		6301590623D1555F00A74EA5 /* Debug */ = {
			isa = XCBuildConfiguration;
			buildSettings = {
				ALWAYS_EMBED_SWIFT_STANDARD_LIBRARIES = YES;
				BUNDLE_LOADER = "$(TEST_HOST)";
				CODE_SIGN_STYLE = Automatic;
				INFOPLIST_FILE = LiftingBuddy_testTests/Info.plist;
				IPHONEOS_DEPLOYMENT_TARGET = 13.2;
				LD_RUNPATH_SEARCH_PATHS = (
					"$(inherited)",
					"@executable_path/Frameworks",
					"@loader_path/Frameworks",
				);
				PRODUCT_BUNDLE_IDENTIFIER = "dp6.LiftingBuddy-testTests";
				PRODUCT_NAME = "$(TARGET_NAME)";
				SWIFT_VERSION = 5.0;
				TARGETED_DEVICE_FAMILY = "1,2";
				TEST_HOST = "$(BUILT_PRODUCTS_DIR)/LiftingBuddy_test.app/LiftingBuddy_test";
			};
			name = Debug;
		};
		6301590723D1555F00A74EA5 /* Release */ = {
			isa = XCBuildConfiguration;
			buildSettings = {
				ALWAYS_EMBED_SWIFT_STANDARD_LIBRARIES = YES;
				BUNDLE_LOADER = "$(TEST_HOST)";
				CODE_SIGN_STYLE = Automatic;
				INFOPLIST_FILE = LiftingBuddy_testTests/Info.plist;
				IPHONEOS_DEPLOYMENT_TARGET = 13.2;
				LD_RUNPATH_SEARCH_PATHS = (
					"$(inherited)",
					"@executable_path/Frameworks",
					"@loader_path/Frameworks",
				);
				PRODUCT_BUNDLE_IDENTIFIER = "dp6.LiftingBuddy-testTests";
				PRODUCT_NAME = "$(TARGET_NAME)";
				SWIFT_VERSION = 5.0;
				TARGETED_DEVICE_FAMILY = "1,2";
				TEST_HOST = "$(BUILT_PRODUCTS_DIR)/LiftingBuddy_test.app/LiftingBuddy_test";
			};
			name = Release;
		};
		6301590923D1555F00A74EA5 /* Debug */ = {
			isa = XCBuildConfiguration;
			buildSettings = {
				ALWAYS_EMBED_SWIFT_STANDARD_LIBRARIES = YES;
				CODE_SIGN_STYLE = Automatic;
				INFOPLIST_FILE = LiftingBuddy_testUITests/Info.plist;
				LD_RUNPATH_SEARCH_PATHS = (
					"$(inherited)",
					"@executable_path/Frameworks",
					"@loader_path/Frameworks",
				);
				PRODUCT_BUNDLE_IDENTIFIER = "dp6.LiftingBuddy-testUITests";
				PRODUCT_NAME = "$(TARGET_NAME)";
				SWIFT_VERSION = 5.0;
				TARGETED_DEVICE_FAMILY = "1,2";
				TEST_TARGET_NAME = LiftingBuddy_test;
			};
			name = Debug;
		};
		6301590A23D1555F00A74EA5 /* Release */ = {
			isa = XCBuildConfiguration;
			buildSettings = {
				ALWAYS_EMBED_SWIFT_STANDARD_LIBRARIES = YES;
				CODE_SIGN_STYLE = Automatic;
				INFOPLIST_FILE = LiftingBuddy_testUITests/Info.plist;
				LD_RUNPATH_SEARCH_PATHS = (
					"$(inherited)",
					"@executable_path/Frameworks",
					"@loader_path/Frameworks",
				);
				PRODUCT_BUNDLE_IDENTIFIER = "dp6.LiftingBuddy-testUITests";
				PRODUCT_NAME = "$(TARGET_NAME)";
				SWIFT_VERSION = 5.0;
				TARGETED_DEVICE_FAMILY = "1,2";
				TEST_TARGET_NAME = LiftingBuddy_test;
			};
			name = Release;
		};
/* End XCBuildConfiguration section */

/* Begin XCConfigurationList section */
		630158D323D1555D00A74EA5 /* Build configuration list for PBXProject "LiftingBuddy_test" */ = {
			isa = XCConfigurationList;
			buildConfigurations = (
				6301590023D1555F00A74EA5 /* Debug */,
				6301590123D1555F00A74EA5 /* Release */,
			);
			defaultConfigurationIsVisible = 0;
			defaultConfigurationName = Release;
		};
		6301590223D1555F00A74EA5 /* Build configuration list for PBXNativeTarget "LiftingBuddy_test" */ = {
			isa = XCConfigurationList;
			buildConfigurations = (
				6301590323D1555F00A74EA5 /* Debug */,
				6301590423D1555F00A74EA5 /* Release */,
			);
			defaultConfigurationIsVisible = 0;
			defaultConfigurationName = Release;
		};
		6301590523D1555F00A74EA5 /* Build configuration list for PBXNativeTarget "LiftingBuddy_testTests" */ = {
			isa = XCConfigurationList;
			buildConfigurations = (
				6301590623D1555F00A74EA5 /* Debug */,
				6301590723D1555F00A74EA5 /* Release */,
			);
			defaultConfigurationIsVisible = 0;
			defaultConfigurationName = Release;
		};
		6301590823D1555F00A74EA5 /* Build configuration list for PBXNativeTarget "LiftingBuddy_testUITests" */ = {
			isa = XCConfigurationList;
			buildConfigurations = (
				6301590923D1555F00A74EA5 /* Debug */,
				6301590A23D1555F00A74EA5 /* Release */,
			);
			defaultConfigurationIsVisible = 0;
			defaultConfigurationName = Release;
		};
/* End XCConfigurationList section */
	};
	rootObject = 630158D023D1555D00A74EA5 /* Project object */;
}
